
Microsoft Visual Studio Solution File, Format Version 12.00
# Visual Studio Version 16
VisualStudioVersion = 16.0.29728.190
MinimumVisualStudioVersion = 10.0.40219.1
Project("{2150E333-8FDC-42A3-9474-1A3956D46DE8}") = "01.Domain", "01.Domain", "{CD820239-0EC8-4E05-90A3-1EB77087570B}"
EndProject
Project("{2150E333-8FDC-42A3-9474-1A3956D46DE8}") = "02.Services", "02.Services", "{AD1CEE4A-B53A-41D4-8BF2-5ED3F43FC49B}"
EndProject
Project("{2150E333-8FDC-42A3-9474-1A3956D46DE8}") = "03.Infrastrucher", "03.Infrastrucher", "{5646A812-5617-402E-9BFF-BC7478D3F8D8}"
EndProject
Project("{2150E333-8FDC-42A3-9474-1A3956D46DE8}") = "EndPoint", "EndPoint", "{944E3580-9A70-4EA7-9EB4-588D9D955F79}"
EndProject
Project("{FAE04EC0-301F-11D3-BF4B-00C04F79EFBC}") = "Core", "Core\Core.csproj", "{5783A6FD-31A5-4D85-ADB3-26AA56AC5095}"
EndProject
Project("{FAE04EC0-301F-11D3-BF4B-00C04F79EFBC}") = "Contracts", "Contracts\Contracts.csproj", "{C2D779FE-7BDD-44C7-87EE-A45CD059C44A}"
EndProject
Project("{FAE04EC0-301F-11D3-BF4B-00C04F79EFBC}") = "Services", "Services\Services.csproj", "{D179D674-6F8E-4CD2-BE3E-9B82C0EBD9C5}"
EndProject
Project("{FAE04EC0-301F-11D3-BF4B-00C04F79EFBC}") = "DAL", "DAL\DAL.csproj", "{AF7EAEB9-E11D-4B2C-ADD1-55614FB29C30}"
EndProject
Project("{FAE04EC0-301F-11D3-BF4B-00C04F79EFBC}") = "UI", "UI\UI.csproj", "{1EE6CD2D-4E8B-4043-9BB9-05285F5E0CD7}"
EndProject
Global
	GlobalSection(SolutionConfigurationPlatforms) = preSolution
		Debug|Any CPU = Debug|Any CPU
		Release|Any CPU = Release|Any CPU
	EndGlobalSection
	GlobalSection(ProjectConfigurationPlatforms) = postSolution
		{5783A6FD-31A5-4D85-ADB3-26AA56AC5095}.Debug|Any CPU.ActiveCfg = Debug|Any CPU
		{5783A6FD-31A5-4D85-ADB3-26AA56AC5095}.Debug|Any CPU.Build.0 = Debug|Any CPU
		{5783A6FD-31A5-4D85-ADB3-26AA56AC5095}.Release|Any CPU.ActiveCfg = Release|Any CPU
		{5783A6FD-31A5-4D85-ADB3-26AA56AC5095}.Release|Any CPU.Build.0 = Release|Any CPU
		{C2D779FE-7BDD-44C7-87EE-A45CD059C44A}.Debug|Any CPU.ActiveCfg = Debug|Any CPU
		{C2D779FE-7BDD-44C7-87EE-A45CD059C44A}.Debug|Any CPU.Build.0 = Debug|Any CPU
		{C2D779FE-7BDD-44C7-87EE-A45CD059C44A}.Release|Any CPU.ActiveCfg = Release|Any CPU
		{C2D779FE-7BDD-44C7-87EE-A45CD059C44A}.Release|Any CPU.Build.0 = Release|Any CPU
		{D179D674-6F8E-4CD2-BE3E-9B82C0EBD9C5}.Debug|Any CPU.ActiveCfg = Debug|Any CPU
		{D179D674-6F8E-4CD2-BE3E-9B82C0EBD9C5}.Debug|Any CPU.Build.0 = Debug|Any CPU
		{D179D674-6F8E-4CD2-BE3E-9B82C0EBD9C5}.Release|Any CPU.ActiveCfg = Release|Any CPU
		{D179D674-6F8E-4CD2-BE3E-9B82C0EBD9C5}.Release|Any CPU.Build.0 = Release|Any CPU
		{AF7EAEB9-E11D-4B2C-ADD1-55614FB29C30}.Debug|Any CPU.ActiveCfg = Debug|Any CPU
		{AF7EAEB9-E11D-4B2C-ADD1-55614FB29C30}.Debug|Any CPU.Build.0 = Debug|Any CPU
		{AF7EAEB9-E11D-4B2C-ADD1-55614FB29C30}.Release|Any CPU.ActiveCfg = Release|Any CPU
		{AF7EAEB9-E11D-4B2C-ADD1-55614FB29C30}.Release|Any CPU.Build.0 = Release|Any CPU
		{1EE6CD2D-4E8B-4043-9BB9-05285F5E0CD7}.Debug|Any CPU.ActiveCfg = Debug|Any CPU
		{1EE6CD2D-4E8B-4043-9BB9-05285F5E0CD7}.Debug|Any CPU.Build.0 = Debug|Any CPU
		{1EE6CD2D-4E8B-4043-9BB9-05285F5E0CD7}.Release|Any CPU.ActiveCfg = Release|Any CPU
		{1EE6CD2D-4E8B-4043-9BB9-05285F5E0CD7}.Release|Any CPU.Build.0 = Release|Any CPU
	EndGlobalSection
	GlobalSection(SolutionProperties) = preSolution
		HideSolutionNode = FALSE
	EndGlobalSection
	GlobalSection(NestedProjects) = preSolution
		{5783A6FD-31A5-4D85-ADB3-26AA56AC5095} = {CD820239-0EC8-4E05-90A3-1EB77087570B}
		{C2D779FE-7BDD-44C7-87EE-A45CD059C44A} = {CD820239-0EC8-4E05-90A3-1EB77087570B}
		{D179D674-6F8E-4CD2-BE3E-9B82C0EBD9C5} = {AD1CEE4A-B53A-41D4-8BF2-5ED3F43FC49B}
		{AF7EAEB9-E11D-4B2C-ADD1-55614FB29C30} = {5646A812-5617-402E-9BFF-BC7478D3F8D8}
		{1EE6CD2D-4E8B-4043-9BB9-05285F5E0CD7} = {944E3580-9A70-4EA7-9EB4-588D9D955F79}
	EndGlobalSection
	GlobalSection(ExtensibilityGlobals) = postSolution
		SolutionGuid = {EA9C9BFE-39F3-4ABF-A09A-D13A59121302}
	EndGlobalSection
EndGlobal
